// !$*UTF8*$!
{
	archiveVersion = 1;
	classes = {
	};
	objectVersion = 50;
	objects = {

/* Begin PBXBuildFile section */
		9F93DB9FFA2C84E4AB06931A /* libPods-HelloWorldTests.a in Frameworks */ = {isa = PBXBuildFile; fileRef = 205005052AB3A878A1711C8B /* libPods-HelloWorldTests.a */; };
		AB2E808E23435B2D008E37C6 /* AppDelegate.swift in Sources */ = {isa = PBXBuildFile; fileRef = AB2E808D23435B2D008E37C6 /* AppDelegate.swift */; };
		AB2E809023435B2D008E37C6 /* ViewController.swift in Sources */ = {isa = PBXBuildFile; fileRef = AB2E808F23435B2D008E37C6 /* ViewController.swift */; };
		AB2E809323435B2D008E37C6 /* Main.storyboard in Resources */ = {isa = PBXBuildFile; fileRef = AB2E809123435B2D008E37C6 /* Main.storyboard */; };
		AB2E809523435B2F008E37C6 /* Assets.xcassets in Resources */ = {isa = PBXBuildFile; fileRef = AB2E809423435B2F008E37C6 /* Assets.xcassets */; };
		AB2E809823435B2F008E37C6 /* LaunchScreen.storyboard in Resources */ = {isa = PBXBuildFile; fileRef = AB2E809623435B2F008E37C6 /* LaunchScreen.storyboard */; };
		AB2E80A323435B2F008E37C6 /* HelloWorldTests.swift in Sources */ = {isa = PBXBuildFile; fileRef = AB2E80A223435B2F008E37C6 /* HelloWorldTests.swift */; };
		AB2E80AE23435B2F008E37C6 /* HelloWorldUITests.swift in Sources */ = {isa = PBXBuildFile; fileRef = AB2E80AD23435B2F008E37C6 /* HelloWorldUITests.swift */; };
		B2EEF6A75056BC5BC38B0A38 /* libPods-HelloWorld.a in Frameworks */ = {isa = PBXBuildFile; fileRef = 611E4F0CF84EA75F008CEE90 /* libPods-HelloWorld.a */; };
		C1CC8544773CE9C6CBD5A03D /* libPods-HelloWorldUITests.a in Frameworks */ = {isa = PBXBuildFile; fileRef = 28CC2B56B056C85C8863F23C /* libPods-HelloWorldUITests.a */; };
/* End PBXBuildFile section */

/* Begin PBXContainerItemProxy section */
		AB2E809F23435B2F008E37C6 /* PBXContainerItemProxy */ = {
			isa = PBXContainerItemProxy;
			containerPortal = AB2E808223435B2D008E37C6 /* Project object */;
			proxyType = 1;
			remoteGlobalIDString = AB2E808923435B2D008E37C6;
			remoteInfo = HelloWorld;
		};
		AB2E80AA23435B2F008E37C6 /* PBXContainerItemProxy */ = {
			isa = PBXContainerItemProxy;
			containerPortal = AB2E808223435B2D008E37C6 /* Project object */;
			proxyType = 1;
			remoteGlobalIDString = AB2E808923435B2D008E37C6;
			remoteInfo = HelloWorld;
		};
/* End PBXContainerItemProxy section */

/* Begin PBXFileReference section */
		0B0A7F7C839C4706B0F0E27B /* Pods-HelloWorldUITests.debug.xcconfig */ = {isa = PBXFileReference; includeInIndex = 1; lastKnownFileType = text.xcconfig; name = "Pods-HelloWorldUITests.debug.xcconfig"; path = "Target Support Files/Pods-HelloWorldUITests/Pods-HelloWorldUITests.debug.xcconfig"; sourceTree = "<group>"; };
		1A13F801A2084E0B6E379DC9 /* Pods-HelloWorld.release.xcconfig */ = {isa = PBXFileReference; includeInIndex = 1; lastKnownFileType = text.xcconfig; name = "Pods-HelloWorld.release.xcconfig"; path = "Target Support Files/Pods-HelloWorld/Pods-HelloWorld.release.xcconfig"; sourceTree = "<group>"; };
		205005052AB3A878A1711C8B /* libPods-HelloWorldTests.a */ = {isa = PBXFileReference; explicitFileType = archive.ar; includeInIndex = 0; path = "libPods-HelloWorldTests.a"; sourceTree = BUILT_PRODUCTS_DIR; };
		26E8445D54109CC092EEC6D8 /* Pods-HelloWorldUITests.release.xcconfig */ = {isa = PBXFileReference; includeInIndex = 1; lastKnownFileType = text.xcconfig; name = "Pods-HelloWorldUITests.release.xcconfig"; path = "Target Support Files/Pods-HelloWorldUITests/Pods-HelloWorldUITests.release.xcconfig"; sourceTree = "<group>"; };
		28CC2B56B056C85C8863F23C /* libPods-HelloWorldUITests.a */ = {isa = PBXFileReference; explicitFileType = archive.ar; includeInIndex = 0; path = "libPods-HelloWorldUITests.a"; sourceTree = BUILT_PRODUCTS_DIR; };
		611E4F0CF84EA75F008CEE90 /* libPods-HelloWorld.a */ = {isa = PBXFileReference; explicitFileType = archive.ar; includeInIndex = 0; path = "libPods-HelloWorld.a"; sourceTree = BUILT_PRODUCTS_DIR; };
		77297DDA137315F454AD6A00 /* Pods-HelloWorldTests.debug.xcconfig */ = {isa = PBXFileReference; includeInIndex = 1; lastKnownFileType = text.xcconfig; name = "Pods-HelloWorldTests.debug.xcconfig"; path = "Target Support Files/Pods-HelloWorldTests/Pods-HelloWorldTests.debug.xcconfig"; sourceTree = "<group>"; };
		AB2E808A23435B2D008E37C6 /* HelloWorld.app */ = {isa = PBXFileReference; explicitFileType = wrapper.application; includeInIndex = 0; path = HelloWorld.app; sourceTree = BUILT_PRODUCTS_DIR; };
		AB2E808D23435B2D008E37C6 /* AppDelegate.swift */ = {isa = PBXFileReference; lastKnownFileType = sourcecode.swift; path = AppDelegate.swift; sourceTree = "<group>"; };
		AB2E808F23435B2D008E37C6 /* ViewController.swift */ = {isa = PBXFileReference; lastKnownFileType = sourcecode.swift; path = ViewController.swift; sourceTree = "<group>"; };
		AB2E809223435B2D008E37C6 /* Base */ = {isa = PBXFileReference; lastKnownFileType = file.storyboard; name = Base; path = Base.lproj/Main.storyboard; sourceTree = "<group>"; };
		AB2E809423435B2F008E37C6 /* Assets.xcassets */ = {isa = PBXFileReference; lastKnownFileType = folder.assetcatalog; path = Assets.xcassets; sourceTree = "<group>"; };
		AB2E809723435B2F008E37C6 /* Base */ = {isa = PBXFileReference; lastKnownFileType = file.storyboard; name = Base; path = Base.lproj/LaunchScreen.storyboard; sourceTree = "<group>"; };
		AB2E809923435B2F008E37C6 /* Info.plist */ = {isa = PBXFileReference; lastKnownFileType = text.plist.xml; path = Info.plist; sourceTree = "<group>"; };
		AB2E809E23435B2F008E37C6 /* HelloWorldTests.xctest */ = {isa = PBXFileReference; explicitFileType = wrapper.cfbundle; includeInIndex = 0; path = HelloWorldTests.xctest; sourceTree = BUILT_PRODUCTS_DIR; };
		AB2E80A223435B2F008E37C6 /* HelloWorldTests.swift */ = {isa = PBXFileReference; lastKnownFileType = sourcecode.swift; path = HelloWorldTests.swift; sourceTree = "<group>"; };
		AB2E80A423435B2F008E37C6 /* Info.plist */ = {isa = PBXFileReference; lastKnownFileType = text.plist.xml; path = Info.plist; sourceTree = "<group>"; };
		AB2E80A923435B2F008E37C6 /* HelloWorldUITests.xctest */ = {isa = PBXFileReference; explicitFileType = wrapper.cfbundle; includeInIndex = 0; path = HelloWorldUITests.xctest; sourceTree = BUILT_PRODUCTS_DIR; };
		AB2E80AD23435B2F008E37C6 /* HelloWorldUITests.swift */ = {isa = PBXFileReference; lastKnownFileType = sourcecode.swift; path = HelloWorldUITests.swift; sourceTree = "<group>"; };
		AB2E80AF23435B2F008E37C6 /* Info.plist */ = {isa = PBXFileReference; lastKnownFileType = text.plist.xml; path = Info.plist; sourceTree = "<group>"; };
		B896BE4D98F61C245FC36AEB /* Pods-HelloWorld.debug.xcconfig */ = {isa = PBXFileReference; includeInIndex = 1; lastKnownFileType = text.xcconfig; name = "Pods-HelloWorld.debug.xcconfig"; path = "Target Support Files/Pods-HelloWorld/Pods-HelloWorld.debug.xcconfig"; sourceTree = "<group>"; };
		CF6D809636D7A020A3D56C66 /* Pods-HelloWorldTests.release.xcconfig */ = {isa = PBXFileReference; includeInIndex = 1; lastKnownFileType = text.xcconfig; name = "Pods-HelloWorldTests.release.xcconfig"; path = "Target Support Files/Pods-HelloWorldTests/Pods-HelloWorldTests.release.xcconfig"; sourceTree = "<group>"; };
/* End PBXFileReference section */

/* Begin PBXFrameworksBuildPhase section */
		AB2E808723435B2D008E37C6 /* Frameworks */ = {
			isa = PBXFrameworksBuildPhase;
			buildActionMask = 2147483647;
			files = (
				B2EEF6A75056BC5BC38B0A38 /* libPods-HelloWorld.a in Frameworks */,
			);
			runOnlyForDeploymentPostprocessing = 0;
		};
		AB2E809B23435B2F008E37C6 /* Frameworks */ = {
			isa = PBXFrameworksBuildPhase;
			buildActionMask = 2147483647;
			files = (
				9F93DB9FFA2C84E4AB06931A /* libPods-HelloWorldTests.a in Frameworks */,
			);
			runOnlyForDeploymentPostprocessing = 0;
		};
		AB2E80A623435B2F008E37C6 /* Frameworks */ = {
			isa = PBXFrameworksBuildPhase;
			buildActionMask = 2147483647;
			files = (
				C1CC8544773CE9C6CBD5A03D /* libPods-HelloWorldUITests.a in Frameworks */,
			);
			runOnlyForDeploymentPostprocessing = 0;
		};
/* End PBXFrameworksBuildPhase section */

/* Begin PBXGroup section */
		448E1F4C968C02E13DE66189 /* Pods */ = {
			isa = PBXGroup;
			children = (
				B896BE4D98F61C245FC36AEB /* Pods-HelloWorld.debug.xcconfig */,
				1A13F801A2084E0B6E379DC9 /* Pods-HelloWorld.release.xcconfig */,
				77297DDA137315F454AD6A00 /* Pods-HelloWorldTests.debug.xcconfig */,
				CF6D809636D7A020A3D56C66 /* Pods-HelloWorldTests.release.xcconfig */,
				0B0A7F7C839C4706B0F0E27B /* Pods-HelloWorldUITests.debug.xcconfig */,
				26E8445D54109CC092EEC6D8 /* Pods-HelloWorldUITests.release.xcconfig */,
			);
			name = Pods;
			path = Pods;
			sourceTree = "<group>";
		};
		9C984E1F461276246C06A2C4 /* Frameworks */ = {
			isa = PBXGroup;
			children = (
				611E4F0CF84EA75F008CEE90 /* libPods-HelloWorld.a */,
				205005052AB3A878A1711C8B /* libPods-HelloWorldTests.a */,
				28CC2B56B056C85C8863F23C /* libPods-HelloWorldUITests.a */,
			);
			name = Frameworks;
			sourceTree = "<group>";
		};
		AB2E808123435B2D008E37C6 = {
			isa = PBXGroup;
			children = (
				AB2E808C23435B2D008E37C6 /* HelloWorld */,
				AB2E80A123435B2F008E37C6 /* HelloWorldTests */,
				AB2E80AC23435B2F008E37C6 /* HelloWorldUITests */,
				AB2E808B23435B2D008E37C6 /* Products */,
				448E1F4C968C02E13DE66189 /* Pods */,
				9C984E1F461276246C06A2C4 /* Frameworks */,
			);
			sourceTree = "<group>";
		};
		AB2E808B23435B2D008E37C6 /* Products */ = {
			isa = PBXGroup;
			children = (
				AB2E808A23435B2D008E37C6 /* HelloWorld.app */,
				AB2E809E23435B2F008E37C6 /* HelloWorldTests.xctest */,
				AB2E80A923435B2F008E37C6 /* HelloWorldUITests.xctest */,
			);
			name = Products;
			sourceTree = "<group>";
		};
		AB2E808C23435B2D008E37C6 /* HelloWorld */ = {
			isa = PBXGroup;
			children = (
				AB2E808D23435B2D008E37C6 /* AppDelegate.swift */,
				AB2E808F23435B2D008E37C6 /* ViewController.swift */,
				AB2E809123435B2D008E37C6 /* Main.storyboard */,
				AB2E809423435B2F008E37C6 /* Assets.xcassets */,
				AB2E809623435B2F008E37C6 /* LaunchScreen.storyboard */,
				AB2E809923435B2F008E37C6 /* Info.plist */,
			);
			path = HelloWorld;
			sourceTree = "<group>";
		};
		AB2E80A123435B2F008E37C6 /* HelloWorldTests */ = {
			isa = PBXGroup;
			children = (
				AB2E80A223435B2F008E37C6 /* HelloWorldTests.swift */,
				AB2E80A423435B2F008E37C6 /* Info.plist */,
			);
			path = HelloWorldTests;
			sourceTree = "<group>";
		};
		AB2E80AC23435B2F008E37C6 /* HelloWorldUITests */ = {
			isa = PBXGroup;
			children = (
				AB2E80AD23435B2F008E37C6 /* HelloWorldUITests.swift */,
				AB2E80AF23435B2F008E37C6 /* Info.plist */,
			);
			path = HelloWorldUITests;
			sourceTree = "<group>";
		};
/* End PBXGroup section */

/* Begin PBXNativeTarget section */
		AB2E808923435B2D008E37C6 /* HelloWorld */ = {
			isa = PBXNativeTarget;
			buildConfigurationList = AB2E80B223435B2F008E37C6 /* Build configuration list for PBXNativeTarget "HelloWorld" */;
			buildPhases = (
				BBA4B32AD7C87DAE2D116811 /* [CP] Check Pods Manifest.lock */,
				AB2E808623435B2D008E37C6 /* Sources */,
				AB2E808723435B2D008E37C6 /* Frameworks */,
				AB2E808823435B2D008E37C6 /* Resources */,
			);
			buildRules = (
			);
			dependencies = (
			);
			name = HelloWorld;
			productName = HelloWorld;
			productReference = AB2E808A23435B2D008E37C6 /* HelloWorld.app */;
			productType = "com.apple.product-type.application";
		};
		AB2E809D23435B2F008E37C6 /* HelloWorldTests */ = {
			isa = PBXNativeTarget;
			buildConfigurationList = AB2E80B523435B2F008E37C6 /* Build configuration list for PBXNativeTarget "HelloWorldTests" */;
			buildPhases = (
				B25DD8940F97183469482A4F /* [CP] Check Pods Manifest.lock */,
				AB2E809A23435B2F008E37C6 /* Sources */,
				AB2E809B23435B2F008E37C6 /* Frameworks */,
				AB2E809C23435B2F008E37C6 /* Resources */,
			);
			buildRules = (
			);
			dependencies = (
				AB2E80A023435B2F008E37C6 /* PBXTargetDependency */,
			);
			name = HelloWorldTests;
			productName = HelloWorldTests;
			productReference = AB2E809E23435B2F008E37C6 /* HelloWorldTests.xctest */;
			productType = "com.apple.product-type.bundle.unit-test";
		};
		AB2E80A823435B2F008E37C6 /* HelloWorldUITests */ = {
			isa = PBXNativeTarget;
			buildConfigurationList = AB2E80B823435B2F008E37C6 /* Build configuration list for PBXNativeTarget "HelloWorldUITests" */;
			buildPhases = (
				27CAD258CFA55B81FD7A266A /* [CP] Check Pods Manifest.lock */,
				AB2E80A523435B2F008E37C6 /* Sources */,
				AB2E80A623435B2F008E37C6 /* Frameworks */,
				AB2E80A723435B2F008E37C6 /* Resources */,
			);
			buildRules = (
			);
			dependencies = (
				AB2E80AB23435B2F008E37C6 /* PBXTargetDependency */,
			);
			name = HelloWorldUITests;
			productName = HelloWorldUITests;
			productReference = AB2E80A923435B2F008E37C6 /* HelloWorldUITests.xctest */;
			productType = "com.apple.product-type.bundle.ui-testing";
		};
/* End PBXNativeTarget section */

/* Begin PBXProject section */
		AB2E808223435B2D008E37C6 /* Project object */ = {
			isa = PBXProject;
			attributes = {
				LastSwiftUpdateCheck = 1030;
				LastUpgradeCheck = 1030;
				ORGANIZATIONNAME = GEA;
				TargetAttributes = {
					AB2E808923435B2D008E37C6 = {
						CreatedOnToolsVersion = 10.3;
					};
					AB2E809D23435B2F008E37C6 = {
						CreatedOnToolsVersion = 10.3;
						TestTargetID = AB2E808923435B2D008E37C6;
					};
					AB2E80A823435B2F008E37C6 = {
						CreatedOnToolsVersion = 10.3;
						TestTargetID = AB2E808923435B2D008E37C6;
					};
				};
			};
			buildConfigurationList = AB2E808523435B2D008E37C6 /* Build configuration list for PBXProject "HelloWorld" */;
			compatibilityVersion = "Xcode 9.3";
			developmentRegion = en;
			hasScannedForEncodings = 0;
			knownRegions = (
				en,
				Base,
			);
			mainGroup = AB2E808123435B2D008E37C6;
			productRefGroup = AB2E808B23435B2D008E37C6 /* Products */;
			projectDirPath = "";
			projectRoot = "";
			targets = (
				AB2E808923435B2D008E37C6 /* HelloWorld */,
				AB2E809D23435B2F008E37C6 /* HelloWorldTests */,
				AB2E80A823435B2F008E37C6 /* HelloWorldUITests */,
			);
		};
/* End PBXProject section */

/* Begin PBXResourcesBuildPhase section */
		AB2E808823435B2D008E37C6 /* Resources */ = {
			isa = PBXResourcesBuildPhase;
			buildActionMask = 2147483647;
			files = (
				AB2E809823435B2F008E37C6 /* LaunchScreen.storyboard in Resources */,
				AB2E809523435B2F008E37C6 /* Assets.xcassets in Resources */,
				AB2E809323435B2D008E37C6 /* Main.storyboard in Resources */,
			);
			runOnlyForDeploymentPostprocessing = 0;
		};
		AB2E809C23435B2F008E37C6 /* Resources */ = {
			isa = PBXResourcesBuildPhase;
			buildActionMask = 2147483647;
			files = (
			);
			runOnlyForDeploymentPostprocessing = 0;
		};
		AB2E80A723435B2F008E37C6 /* Resources */ = {
			isa = PBXResourcesBuildPhase;
			buildActionMask = 2147483647;
			files = (
			);
			runOnlyForDeploymentPostprocessing = 0;
		};
/* End PBXResourcesBuildPhase section */

/* Begin PBXShellScriptBuildPhase section */
		27CAD258CFA55B81FD7A266A /* [CP] Check Pods Manifest.lock */ = {
			isa = PBXShellScriptBuildPhase;
			buildActionMask = 2147483647;
			files = (
			);
			inputFileListPaths = (
			);
			inputPaths = (
				"${PODS_PODFILE_DIR_PATH}/Podfile.lock",
				"${PODS_ROOT}/Manifest.lock",
			);
			name = "[CP] Check Pods Manifest.lock";
			outputFileListPaths = (
			);
			outputPaths = (
				"$(DERIVED_FILE_DIR)/Pods-HelloWorldUITests-checkManifestLockResult.txt",
			);
			runOnlyForDeploymentPostprocessing = 0;
			shellPath = /bin/sh;
			shellScript = "diff \"${PODS_PODFILE_DIR_PATH}/Podfile.lock\" \"${PODS_ROOT}/Manifest.lock\" > /dev/null\nif [ $? != 0 ] ; then\n    # print error to STDERR\n    echo \"error: The sandbox is not in sync with the Podfile.lock. Run 'pod install' or update your CocoaPods installation.\" >&2\n    exit 1\nfi\n# This output is used by Xcode 'outputs' to avoid re-running this script phase.\necho \"SUCCESS\" > \"${SCRIPT_OUTPUT_FILE_0}\"\n";
			showEnvVarsInLog = 0;
		};
		B25DD8940F97183469482A4F /* [CP] Check Pods Manifest.lock */ = {
			isa = PBXShellScriptBuildPhase;
			buildActionMask = 2147483647;
			files = (
			);
			inputFileListPaths = (
			);
			inputPaths = (
				"${PODS_PODFILE_DIR_PATH}/Podfile.lock",
				"${PODS_ROOT}/Manifest.lock",
			);
			name = "[CP] Check Pods Manifest.lock";
			outputFileListPaths = (
			);
			outputPaths = (
				"$(DERIVED_FILE_DIR)/Pods-HelloWorldTests-checkManifestLockResult.txt",
			);
			runOnlyForDeploymentPostprocessing = 0;
			shellPath = /bin/sh;
			shellScript = "diff \"${PODS_PODFILE_DIR_PATH}/Podfile.lock\" \"${PODS_ROOT}/Manifest.lock\" > /dev/null\nif [ $? != 0 ] ; then\n    # print error to STDERR\n    echo \"error: The sandbox is not in sync with the Podfile.lock. Run 'pod install' or update your CocoaPods installation.\" >&2\n    exit 1\nfi\n# This output is used by Xcode 'outputs' to avoid re-running this script phase.\necho \"SUCCESS\" > \"${SCRIPT_OUTPUT_FILE_0}\"\n";
			showEnvVarsInLog = 0;
		};
		BBA4B32AD7C87DAE2D116811 /* [CP] Check Pods Manifest.lock */ = {
			isa = PBXShellScriptBuildPhase;
			buildActionMask = 2147483647;
			files = (
			);
			inputFileListPaths = (
			);
			inputPaths = (
				"${PODS_PODFILE_DIR_PATH}/Podfile.lock",
				"${PODS_ROOT}/Manifest.lock",
			);
			name = "[CP] Check Pods Manifest.lock";
			outputFileListPaths = (
			);
			outputPaths = (
				"$(DERIVED_FILE_DIR)/Pods-HelloWorld-checkManifestLockResult.txt",
			);
			runOnlyForDeploymentPostprocessing = 0;
			shellPath = /bin/sh;
			shellScript = "diff \"${PODS_PODFILE_DIR_PATH}/Podfile.lock\" \"${PODS_ROOT}/Manifest.lock\" > /dev/null\nif [ $? != 0 ] ; then\n    # print error to STDERR\n    echo \"error: The sandbox is not in sync with the Podfile.lock. Run 'pod install' or update your CocoaPods installation.\" >&2\n    exit 1\nfi\n# This output is used by Xcode 'outputs' to avoid re-running this script phase.\necho \"SUCCESS\" > \"${SCRIPT_OUTPUT_FILE_0}\"\n";
			showEnvVarsInLog = 0;
		};
/* End PBXShellScriptBuildPhase section */

/* Begin PBXSourcesBuildPhase section */
		AB2E808623435B2D008E37C6 /* Sources */ = {
			isa = PBXSourcesBuildPhase;
			buildActionMask = 2147483647;
			files = (
				AB2E809023435B2D008E37C6 /* ViewController.swift in Sources */,
				AB2E808E23435B2D008E37C6 /* AppDelegate.swift in Sources */,
			);
			runOnlyForDeploymentPostprocessing = 0;
		};
		AB2E809A23435B2F008E37C6 /* Sources */ = {
			isa = PBXSourcesBuildPhase;
			buildActionMask = 2147483647;
			files = (
				AB2E80A323435B2F008E37C6 /* HelloWorldTests.swift in Sources */,
			);
			runOnlyForDeploymentPostprocessing = 0;
		};
		AB2E80A523435B2F008E37C6 /* Sources */ = {
			isa = PBXSourcesBuildPhase;
			buildActionMask = 2147483647;
			files = (
				AB2E80AE23435B2F008E37C6 /* HelloWorldUITests.swift in Sources */,
			);
			runOnlyForDeploymentPostprocessing = 0;
		};
/* End PBXSourcesBuildPhase section */

/* Begin PBXTargetDependency section */
		AB2E80A023435B2F008E37C6 /* PBXTargetDependency */ = {
			isa = PBXTargetDependency;
			target = AB2E808923435B2D008E37C6 /* HelloWorld */;
			targetProxy = AB2E809F23435B2F008E37C6 /* PBXContainerItemProxy */;
		};
		AB2E80AB23435B2F008E37C6 /* PBXTargetDependency */ = {
			isa = PBXTargetDependency;
			target = AB2E808923435B2D008E37C6 /* HelloWorld */;
			targetProxy = AB2E80AA23435B2F008E37C6 /* PBXContainerItemProxy */;
		};
/* End PBXTargetDependency section */

/* Begin PBXVariantGroup section */
		AB2E809123435B2D008E37C6 /* Main.storyboard */ = {
			isa = PBXVariantGroup;
			children = (
				AB2E809223435B2D008E37C6 /* Base */,
			);
			name = Main.storyboard;
			sourceTree = "<group>";
		};
		AB2E809623435B2F008E37C6 /* LaunchScreen.storyboard */ = {
			isa = PBXVariantGroup;
			children = (
				AB2E809723435B2F008E37C6 /* Base */,
			);
			name = LaunchScreen.storyboard;
			sourceTree = "<group>";
		};
/* End PBXVariantGroup section */

/* Begin XCBuildConfiguration section */
		AB2E80B023435B2F008E37C6 /* Debug */ = {
			isa = XCBuildConfiguration;
			buildSettings = {
				ALWAYS_SEARCH_USER_PATHS = NO;
				CLANG_ANALYZER_NONNULL = YES;
				CLANG_ANALYZER_NUMBER_OBJECT_CONVERSION = YES_AGGRESSIVE;
				CLANG_CXX_LANGUAGE_STANDARD = "gnu++14";
				CLANG_CXX_LIBRARY = "libc++";
				CLANG_ENABLE_MODULES = YES;
				CLANG_ENABLE_OBJC_ARC = YES;
				CLANG_ENABLE_OBJC_WEAK = YES;
				CLANG_WARN_BLOCK_CAPTURE_AUTORELEASING = YES;
				CLANG_WARN_BOOL_CONVERSION = YES;
				CLANG_WARN_COMMA = YES;
				CLANG_WARN_CONSTANT_CONVERSION = YES;
				CLANG_WARN_DEPRECATED_OBJC_IMPLEMENTATIONS = YES;
				CLANG_WARN_DIRECT_OBJC_ISA_USAGE = YES_ERROR;
				CLANG_WARN_DOCUMENTATION_COMMENTS = YES;
				CLANG_WARN_EMPTY_BODY = YES;
				CLANG_WARN_ENUM_CONVERSION = YES;
				CLANG_WARN_INFINITE_RECURSION = YES;
				CLANG_WARN_INT_CONVERSION = YES;
				CLANG_WARN_NON_LITERAL_NULL_CONVERSION = YES;
				CLANG_WARN_OBJC_IMPLICIT_RETAIN_SELF = YES;
				CLANG_WARN_OBJC_LITERAL_CONVERSION = YES;
				CLANG_WARN_OBJC_ROOT_CLASS = YES_ERROR;
				CLANG_WARN_RANGE_LOOP_ANALYSIS = YES;
				CLANG_WARN_STRICT_PROTOTYPES = YES;
				CLANG_WARN_SUSPICIOUS_MOVE = YES;
				CLANG_WARN_UNGUARDED_AVAILABILITY = YES_AGGRESSIVE;
				CLANG_WARN_UNREACHABLE_CODE = YES;
				CLANG_WARN__DUPLICATE_METHOD_MATCH = YES;
				CODE_SIGN_IDENTITY = "iPhone Developer";
				COPY_PHASE_STRIP = NO;
				DEBUG_INFORMATION_FORMAT = dwarf;
				ENABLE_STRICT_OBJC_MSGSEND = YES;
				ENABLE_TESTABILITY = YES;
				GCC_C_LANGUAGE_STANDARD = gnu11;
				GCC_DYNAMIC_NO_PIC = NO;
				GCC_NO_COMMON_BLOCKS = YES;
				GCC_OPTIMIZATION_LEVEL = 0;
				GCC_PREPROCESSOR_DEFINITIONS = (
					"DEBUG=1",
					"$(inherited)",
				);
				GCC_WARN_64_TO_32_BIT_CONVERSION = YES;
				GCC_WARN_ABOUT_RETURN_TYPE = YES_ERROR;
				GCC_WARN_UNDECLARED_SELECTOR = YES;
				GCC_WARN_UNINITIALIZED_AUTOS = YES_AGGRESSIVE;
				GCC_WARN_UNUSED_FUNCTION = YES;
				GCC_WARN_UNUSED_VARIABLE = YES;
				IPHONEOS_DEPLOYMENT_TARGET = 12.4;
				MTL_ENABLE_DEBUG_INFO = INCLUDE_SOURCE;
				MTL_FAST_MATH = YES;
				ONLY_ACTIVE_ARCH = YES;
				SDKROOT = iphoneos;
				SWIFT_ACTIVE_COMPILATION_CONDITIONS = DEBUG;
				SWIFT_OPTIMIZATION_LEVEL = "-Onone";
			};
			name = Debug;
		};
		AB2E80B123435B2F008E37C6 /* Release */ = {
			isa = XCBuildConfiguration;
			buildSettings = {
				ALWAYS_SEARCH_USER_PATHS = NO;
				CLANG_ANALYZER_NONNULL = YES;
				CLANG_ANALYZER_NUMBER_OBJECT_CONVERSION = YES_AGGRESSIVE;
				CLANG_CXX_LANGUAGE_STANDARD = "gnu++14";
				CLANG_CXX_LIBRARY = "libc++";
				CLANG_ENABLE_MODULES = YES;
				CLANG_ENABLE_OBJC_ARC = YES;
				CLANG_ENABLE_OBJC_WEAK = YES;
				CLANG_WARN_BLOCK_CAPTURE_AUTORELEASING = YES;
				CLANG_WARN_BOOL_CONVERSION = YES;
				CLANG_WARN_COMMA = YES;
				CLANG_WARN_CONSTANT_CONVERSION = YES;
				CLANG_WARN_DEPRECATED_OBJC_IMPLEMENTATIONS = YES;
				CLANG_WARN_DIRECT_OBJC_ISA_USAGE = YES_ERROR;
				CLANG_WARN_DOCUMENTATION_COMMENTS = YES;
				CLANG_WARN_EMPTY_BODY = YES;
				CLANG_WARN_ENUM_CONVERSION = YES;
				CLANG_WARN_INFINITE_RECURSION = YES;
				CLANG_WARN_INT_CONVERSION = YES;
				CLANG_WARN_NON_LITERAL_NULL_CONVERSION = YES;
				CLANG_WARN_OBJC_IMPLICIT_RETAIN_SELF = YES;
				CLANG_WARN_OBJC_LITERAL_CONVERSION = YES;
				CLANG_WARN_OBJC_ROOT_CLASS = YES_ERROR;
				CLANG_WARN_RANGE_LOOP_ANALYSIS = YES;
				CLANG_WARN_STRICT_PROTOTYPES = YES;
				CLANG_WARN_SUSPICIOUS_MOVE = YES;
				CLANG_WARN_UNGUARDED_AVAILABILITY = YES_AGGRESSIVE;
				CLANG_WARN_UNREACHABLE_CODE = YES;
				CLANG_WARN__DUPLICATE_METHOD_MATCH = YES;
				CODE_SIGN_IDENTITY = "iPhone Developer";
				COPY_PHASE_STRIP = NO;
				DEBUG_INFORMATION_FORMAT = "dwarf-with-dsym";
				ENABLE_NS_ASSERTIONS = NO;
				ENABLE_STRICT_OBJC_MSGSEND = YES;
				GCC_C_LANGUAGE_STANDARD = gnu11;
				GCC_NO_COMMON_BLOCKS = YES;
				GCC_WARN_64_TO_32_BIT_CONVERSION = YES;
				GCC_WARN_ABOUT_RETURN_TYPE = YES_ERROR;
				GCC_WARN_UNDECLARED_SELECTOR = YES;
				GCC_WARN_UNINITIALIZED_AUTOS = YES_AGGRESSIVE;
				GCC_WARN_UNUSED_FUNCTION = YES;
				GCC_WARN_UNUSED_VARIABLE = YES;
				IPHONEOS_DEPLOYMENT_TARGET = 12.4;
				MTL_ENABLE_DEBUG_INFO = NO;
				MTL_FAST_MATH = YES;
				SDKROOT = iphoneos;
				SWIFT_COMPILATION_MODE = wholemodule;
				SWIFT_OPTIMIZATION_LEVEL = "-O";
				VALIDATE_PRODUCT = YES;
			};
			name = Release;
		};
		AB2E80B323435B2F008E37C6 /* Debug */ = {
			isa = XCBuildConfiguration;
			baseConfigurationReference = B896BE4D98F61C245FC36AEB /* Pods-HelloWorld.debug.xcconfig */;
			buildSettings = {
				ASSETCATALOG_COMPILER_APPICON_NAME = AppIcon;
				CODE_SIGN_STYLE = Manual;
				DEVELOPMENT_TEAM = BQ7X69DNU7;
				INFOPLIST_FILE = HelloWorld/Info.plist;
				LD_RUNPATH_SEARCH_PATHS = (
					"$(inherited)",
					"@executable_path/Frameworks",
				);
				PRODUCT_BUNDLE_IDENTIFIER = com.gea.GEDelivers;
				PRODUCT_NAME = "$(TARGET_NAME)";
				PROVISIONING_PROFILE_SPECIFIER = GEDelivers_Dev;
				SWIFT_VERSION = 5.0;
				TARGETED_DEVICE_FAMILY = "1,2";
			};
			name = Debug;
		};
		AB2E80B423435B2F008E37C6 /* Release */ = {
			isa = XCBuildConfiguration;
			baseConfigurationReference = 1A13F801A2084E0B6E379DC9 /* Pods-HelloWorld.release.xcconfig */;
			buildSettings = {
				ASSETCATALOG_COMPILER_APPICON_NAME = AppIcon;
				CODE_SIGN_STYLE = Manual;
				DEVELOPMENT_TEAM = BQ7X69DNU7;
				INFOPLIST_FILE = HelloWorld/Info.plist;
				LD_RUNPATH_SEARCH_PATHS = (
					"$(inherited)",
					"@executable_path/Frameworks",
				);
				PRODUCT_BUNDLE_IDENTIFIER = com.gea.GEDelivers;
				PRODUCT_NAME = "$(TARGET_NAME)";
				PROVISIONING_PROFILE_SPECIFIER = GEDelivers_Dev;
				SWIFT_VERSION = 5.0;
				TARGETED_DEVICE_FAMILY = "1,2";
			};
			name = Release;
		};
		AB2E80B623435B2F008E37C6 /* Debug */ = {
			isa = XCBuildConfiguration;
			baseConfigurationReference = 77297DDA137315F454AD6A00 /* Pods-HelloWorldTests.debug.xcconfig */;
			buildSettings = {
				ALWAYS_EMBED_SWIFT_STANDARD_LIBRARIES = YES;
				BUNDLE_LOADER = "$(TEST_HOST)";
				CODE_SIGN_STYLE = Automatic;
				INFOPLIST_FILE = HelloWorldTests/Info.plist;
				LD_RUNPATH_SEARCH_PATHS = (
					"$(inherited)",
					"@executable_path/Frameworks",
					"@loader_path/Frameworks",
				);
				PRODUCT_BUNDLE_IDENTIFIER = com.HelloWorldTests;
				PRODUCT_NAME = "$(TARGET_NAME)";
				SWIFT_VERSION = 5.0;
				TARGETED_DEVICE_FAMILY = "1,2";
				TEST_HOST = "$(BUILT_PRODUCTS_DIR)/HelloWorld.app/HelloWorld";
			};
			name = Debug;
		};
		AB2E80B723435B2F008E37C6 /* Release */ = {
			isa = XCBuildConfiguration;
			baseConfigurationReference = CF6D809636D7A020A3D56C66 /* Pods-HelloWorldTests.release.xcconfig */;
			buildSettings = {
				ALWAYS_EMBED_SWIFT_STANDARD_LIBRARIES = YES;
				BUNDLE_LOADER = "$(TEST_HOST)";
				CODE_SIGN_STYLE = Automatic;
				INFOPLIST_FILE = HelloWorldTests/Info.plist;
				LD_RUNPATH_SEARCH_PATHS = (
					"$(inherited)",
					"@executable_path/Frameworks",
					"@loader_path/Frameworks",
				);
				PRODUCT_BUNDLE_IDENTIFIER = com.HelloWorldTests;
				PRODUCT_NAME = "$(TARGET_NAME)";
				SWIFT_VERSION = 5.0;
				TARGETED_DEVICE_FAMILY = "1,2";
				TEST_HOST = "$(BUILT_PRODUCTS_DIR)/HelloWorld.app/HelloWorld";
			};
			name = Release;
		};
		AB2E80B923435B2F008E37C6 /* Debug */ = {
			isa = XCBuildConfiguration;
			baseConfigurationReference = 0B0A7F7C839C4706B0F0E27B /* Pods-HelloWorldUITests.debug.xcconfig */;
			buildSettings = {
				ALWAYS_EMBED_SWIFT_STANDARD_LIBRARIES = YES;
				CODE_SIGN_STYLE = Automatic;
				INFOPLIST_FILE = HelloWorldUITests/Info.plist;
				LD_RUNPATH_SEARCH_PATHS = (
					"$(inherited)",
					"@executable_path/Frameworks",
					"@loader_path/Frameworks",
				);
				PRODUCT_BUNDLE_IDENTIFIER = com.HelloWorldUITests;
				PRODUCT_NAME = "$(TARGET_NAME)";
				SWIFT_VERSION = 5.0;
				TARGETED_DEVICE_FAMILY = "1,2";
				TEST_TARGET_NAME = HelloWorld;
			};
			name = Debug;
		};
		AB2E80BA23435B2F008E37C6 /* Release */ = {
			isa = XCBuildConfiguration;
			baseConfigurationReference = 26E8445D54109CC092EEC6D8 /* Pods-HelloWorldUITests.release.xcconfig */;
			buildSettings = {
				ALWAYS_EMBED_SWIFT_STANDARD_LIBRARIES = YES;
				CODE_SIGN_STYLE = Automatic;
				INFOPLIST_FILE = HelloWorldUITests/Info.plist;
				LD_RUNPATH_SEARCH_PATHS = (
					"$(inherited)",
					"@executable_path/Frameworks",
					"@loader_path/Frameworks",
				);
				PRODUCT_BUNDLE_IDENTIFIER = com.HelloWorldUITests;
				PRODUCT_NAME = "$(TARGET_NAME)";
				SWIFT_VERSION = 5.0;
				TARGETED_DEVICE_FAMILY = "1,2";
				TEST_TARGET_NAME = HelloWorld;
			};
			name = Release;
		};
/* End XCBuildConfiguration section */

/* Begin XCConfigurationList section */
		AB2E808523435B2D008E37C6 /* Build configuration list for PBXProject "HelloWorld" */ = {
			isa = XCConfigurationList;
			buildConfigurations = (
				AB2E80B023435B2F008E37C6 /* Debug */,
				AB2E80B123435B2F008E37C6 /* Release */,
			);
			defaultConfigurationIsVisible = 0;
			defaultConfigurationName = Release;
		};
		AB2E80B223435B2F008E37C6 /* Build configuration list for PBXNativeTarget "HelloWorld" */ = {
			isa = XCConfigurationList;
			buildConfigurations = (
				AB2E80B323435B2F008E37C6 /* Debug */,
				AB2E80B423435B2F008E37C6 /* Release */,
			);
			defaultConfigurationIsVisible = 0;
			defaultConfigurationName = Release;
		};
		AB2E80B523435B2F008E37C6 /* Build configuration list for PBXNativeTarget "HelloWorldTests" */ = {
			isa = XCConfigurationList;
			buildConfigurations = (
				AB2E80B623435B2F008E37C6 /* Debug */,
				AB2E80B723435B2F008E37C6 /* Release */,
			);
			defaultConfigurationIsVisible = 0;
			defaultConfigurationName = Release;
		};
		AB2E80B823435B2F008E37C6 /* Build configuration list for PBXNativeTarget "HelloWorldUITests" */ = {
			isa = XCConfigurationList;
			buildConfigurations = (
				AB2E80B923435B2F008E37C6 /* Debug */,
				AB2E80BA23435B2F008E37C6 /* Release */,
			);
			defaultConfigurationIsVisible = 0;
			defaultConfigurationName = Release;
		};
/* End XCConfigurationList section */
	};
	rootObject = AB2E808223435B2D008E37C6 /* Project object */;
}
